// !$*UTF8*$!
{
	archiveVersion = 1;
	classes = {
	};
	objectVersion = 45;
	objects = {

/* Begin PBXBuildFile section */
		030147650F66018800A84866 /* icon.png in Resources */ = {isa = PBXBuildFile; fileRef = 030147640F66018800A84866 /* icon.png */; };
		0309682B0F5B243800BBD2FC /* AboutView.xib in Resources */ = {isa = PBXBuildFile; fileRef = 0309682A0F5B243800BBD2FC /* AboutView.xib */; };
		0309682E0F5B245000BBD2FC /* AboutController.m in Sources */ = {isa = PBXBuildFile; fileRef = 0309682D0F5B245000BBD2FC /* AboutController.m */; };
		0309687B0F5B289700BBD2FC /* CalculatorController.m in Sources */ = {isa = PBXBuildFile; fileRef = 0309687A0F5B289700BBD2FC /* CalculatorController.m */; };
		030968890F5B28DC00BBD2FC /* CalculatorView.xib in Resources */ = {isa = PBXBuildFile; fileRef = 030968880F5B28DC00BBD2FC /* CalculatorView.xib */; };
		030968940F5B29C100BBD2FC /* SetupController.m in Sources */ = {isa = PBXBuildFile; fileRef = 030968930F5B29C100BBD2FC /* SetupController.m */; };
		030968980F5B29F200BBD2FC /* SetupView.xib in Resources */ = {isa = PBXBuildFile; fileRef = 030968970F5B29F200BBD2FC /* SetupView.xib */; };
		030969460F5B3BE900BBD2FC /* backdrop1.png in Resources */ = {isa = PBXBuildFile; fileRef = 030969450F5B3BE900BBD2FC /* backdrop1.png */; };
		03096A5E0F5B490500BBD2FC /* backdrop4.png in Resources */ = {isa = PBXBuildFile; fileRef = 03096A5B0F5B490500BBD2FC /* backdrop4.png */; };
		03096A5F0F5B490500BBD2FC /* backdrop2.png in Resources */ = {isa = PBXBuildFile; fileRef = 03096A5C0F5B490500BBD2FC /* backdrop2.png */; };
		03096A600F5B490500BBD2FC /* backdrop3.png in Resources */ = {isa = PBXBuildFile; fileRef = 03096A5D0F5B490500BBD2FC /* backdrop3.png */; };
		03096A9A0F5B4A7B00BBD2FC /* backdrop5.png in Resources */ = {isa = PBXBuildFile; fileRef = 03096A990F5B4A7B00BBD2FC /* backdrop5.png */; };
		0362A3A90F638FBB004A1020 /* CustomTableViewCell.m in Sources */ = {isa = PBXBuildFile; fileRef = 0362A3A80F638FBB004A1020 /* CustomTableViewCell.m */; };
		03C10FD40F63764900D03F77 /* ProfilesController.m in Sources */ = {isa = PBXBuildFile; fileRef = 03C10FD30F63764900D03F77 /* ProfilesController.m */; };
		03C10FF30F63776F00D03F77 /* ProfileView.xib in Resources */ = {isa = PBXBuildFile; fileRef = 03C10FF20F63776F00D03F77 /* ProfileView.xib */; };
		03C111740F638B5200D03F77 /* TableViewCell.xib in Resources */ = {isa = PBXBuildFile; fileRef = 03C111730F638B5200D03F77 /* TableViewCell.xib */; };
		03D4FDE8113000E300D323A9 /* dotHighlighted.png in Resources */ = {isa = PBXBuildFile; fileRef = 03D4FDE6113000E300D323A9 /* dotHighlighted.png */; };
		03D4FDE9113000E300D323A9 /* dotNormal.png in Resources */ = {isa = PBXBuildFile; fileRef = 03D4FDE7113000E300D323A9 /* dotNormal.png */; };
		03D4FE201130038000D323A9 /* NSString+Additions.m in Sources */ = {isa = PBXBuildFile; fileRef = 03D4FE1F1130038000D323A9 /* NSString+Additions.m */; };
		03F7D32C0F6610E600CB63E4 /* calculator.png in Resources */ = {isa = PBXBuildFile; fileRef = 03F7D32B0F6610E600CB63E4 /* calculator.png */; };
		03F7D3380F6611E600CB63E4 /* profiles.png in Resources */ = {isa = PBXBuildFile; fileRef = 03F7D3370F6611E600CB63E4 /* profiles.png */; };
		03F7D3440F6613AB00CB63E4 /* about.png in Resources */ = {isa = PBXBuildFile; fileRef = 03F7D3430F6613AB00CB63E4 /* about.png */; };
		1D3623260D0F684500981E51 /* EveTraderAppDelegate.m in Sources */ = {isa = PBXBuildFile; fileRef = 1D3623250D0F684500981E51 /* EveTraderAppDelegate.m */; };
		1D60589B0D05DD56006BFB54 /* main.m in Sources */ = {isa = PBXBuildFile; fileRef = 29B97316FDCFA39411CA2CEA /* main.m */; };
		1D60589F0D05DD5A006BFB54 /* Foundation.framework in Frameworks */ = {isa = PBXBuildFile; fileRef = 1D30AB110D05D00D00671497 /* Foundation.framework */; };
		1DF5F4E00D08C38300B7A737 /* UIKit.framework in Frameworks */ = {isa = PBXBuildFile; fileRef = 1DF5F4DF0D08C38300B7A737 /* UIKit.framework */; };
		288765080DF74369002DB57D /* CoreGraphics.framework in Frameworks */ = {isa = PBXBuildFile; fileRef = 288765070DF74369002DB57D /* CoreGraphics.framework */; };
		28AD73880D9D96C1002E5188 /* MainWindow.xib in Resources */ = {isa = PBXBuildFile; fileRef = 28AD73870D9D96C1002E5188 /* MainWindow.xib */; };
/* End PBXBuildFile section */

/* Begin PBXFileReference section */
		030147640F66018800A84866 /* icon.png */ = {isa = PBXFileReference; lastKnownFileType = image.png; path = icon.png; sourceTree = "<group>"; };
		0309682A0F5B243800BBD2FC /* AboutView.xib */ = {isa = PBXFileReference; lastKnownFileType = file.xib; path = AboutView.xib; sourceTree = "<group>"; };
		0309682C0F5B245000BBD2FC /* AboutController.h */ = {isa = PBXFileReference; fileEncoding = 4; lastKnownFileType = sourcecode.c.h; path = AboutController.h; sourceTree = "<group>"; };
		0309682D0F5B245000BBD2FC /* AboutController.m */ = {isa = PBXFileReference; fileEncoding = 4; lastKnownFileType = sourcecode.c.objc; path = AboutController.m; sourceTree = "<group>"; };
		030968790F5B289700BBD2FC /* CalculatorController.h */ = {isa = PBXFileReference; fileEncoding = 4; lastKnownFileType = sourcecode.c.h; path = CalculatorController.h; sourceTree = "<group>"; };
		0309687A0F5B289700BBD2FC /* CalculatorController.m */ = {isa = PBXFileReference; fileEncoding = 4; lastKnownFileType = sourcecode.c.objc; path = CalculatorController.m; sourceTree = "<group>"; };
		030968880F5B28DC00BBD2FC /* CalculatorView.xib */ = {isa = PBXFileReference; lastKnownFileType = file.xib; path = CalculatorView.xib; sourceTree = "<group>"; };
		030968920F5B29C100BBD2FC /* SetupController.h */ = {isa = PBXFileReference; fileEncoding = 4; lastKnownFileType = sourcecode.c.h; path = SetupController.h; sourceTree = "<group>"; };
		030968930F5B29C100BBD2FC /* SetupController.m */ = {isa = PBXFileReference; fileEncoding = 4; lastKnownFileType = sourcecode.c.objc; path = SetupController.m; sourceTree = "<group>"; };
		030968970F5B29F200BBD2FC /* SetupView.xib */ = {isa = PBXFileReference; lastKnownFileType = file.xib; path = SetupView.xib; sourceTree = "<group>"; };
		030969450F5B3BE900BBD2FC /* backdrop1.png */ = {isa = PBXFileReference; lastKnownFileType = image.png; path = backdrop1.png; sourceTree = "<group>"; };
		03096A5B0F5B490500BBD2FC /* backdrop4.png */ = {isa = PBXFileReference; lastKnownFileType = image.png; path = backdrop4.png; sourceTree = "<group>"; };
		03096A5C0F5B490500BBD2FC /* backdrop2.png */ = {isa = PBXFileReference; lastKnownFileType = image.png; path = backdrop2.png; sourceTree = "<group>"; };
		03096A5D0F5B490500BBD2FC /* backdrop3.png */ = {isa = PBXFileReference; lastKnownFileType = image.png; path = backdrop3.png; sourceTree = "<group>"; };
		03096A990F5B4A7B00BBD2FC /* backdrop5.png */ = {isa = PBXFileReference; lastKnownFileType = image.png; path = backdrop5.png; sourceTree = "<group>"; };
		0362A3A70F638FBB004A1020 /* CustomTableViewCell.h */ = {isa = PBXFileReference; fileEncoding = 4; lastKnownFileType = sourcecode.c.h; path = CustomTableViewCell.h; sourceTree = "<group>"; };
		0362A3A80F638FBB004A1020 /* CustomTableViewCell.m */ = {isa = PBXFileReference; fileEncoding = 4; lastKnownFileType = sourcecode.c.objc; path = CustomTableViewCell.m; sourceTree = "<group>"; };
		03C10FD20F63764900D03F77 /* ProfilesController.h */ = {isa = PBXFileReference; fileEncoding = 4; lastKnownFileType = sourcecode.c.h; path = ProfilesController.h; sourceTree = "<group>"; };
		03C10FD30F63764900D03F77 /* ProfilesController.m */ = {isa = PBXFileReference; fileEncoding = 4; lastKnownFileType = sourcecode.c.objc; path = ProfilesController.m; sourceTree = "<group>"; };
		03C10FF20F63776F00D03F77 /* ProfileView.xib */ = {isa = PBXFileReference; lastKnownFileType = file.xib; path = ProfileView.xib; sourceTree = "<group>"; };
		03C111730F638B5200D03F77 /* TableViewCell.xib */ = {isa = PBXFileReference; lastKnownFileType = file.xib; path = TableViewCell.xib; sourceTree = "<group>"; };
		03D4FDE6113000E300D323A9 /* dotHighlighted.png */ = {isa = PBXFileReference; lastKnownFileType = image.png; path = dotHighlighted.png; sourceTree = "<group>"; };
		03D4FDE7113000E300D323A9 /* dotNormal.png */ = {isa = PBXFileReference; lastKnownFileType = image.png; path = dotNormal.png; sourceTree = "<group>"; };
		03D4FE1E1130038000D323A9 /* NSString+Additions.h */ = {isa = PBXFileReference; fileEncoding = 4; lastKnownFileType = sourcecode.c.h; path = "NSString+Additions.h"; sourceTree = "<group>"; };
		03D4FE1F1130038000D323A9 /* NSString+Additions.m */ = {isa = PBXFileReference; fileEncoding = 4; lastKnownFileType = sourcecode.c.objc; path = "NSString+Additions.m"; sourceTree = "<group>"; };
		03F7D32B0F6610E600CB63E4 /* calculator.png */ = {isa = PBXFileReference; lastKnownFileType = image.png; path = calculator.png; sourceTree = "<group>"; };
		03F7D3370F6611E600CB63E4 /* profiles.png */ = {isa = PBXFileReference; lastKnownFileType = image.png; path = profiles.png; sourceTree = "<group>"; };
		03F7D3430F6613AB00CB63E4 /* about.png */ = {isa = PBXFileReference; lastKnownFileType = image.png; path = about.png; sourceTree = "<group>"; };
		1D30AB110D05D00D00671497 /* Foundation.framework */ = {isa = PBXFileReference; lastKnownFileType = wrapper.framework; name = Foundation.framework; path = System/Library/Frameworks/Foundation.framework; sourceTree = SDKROOT; };
		1D3623240D0F684500981E51 /* EveTraderAppDelegate.h */ = {isa = PBXFileReference; fileEncoding = 4; lastKnownFileType = sourcecode.c.h; path = EveTraderAppDelegate.h; sourceTree = "<group>"; };
		1D3623250D0F684500981E51 /* EveTraderAppDelegate.m */ = {isa = PBXFileReference; fileEncoding = 4; lastKnownFileType = sourcecode.c.objc; path = EveTraderAppDelegate.m; sourceTree = "<group>"; };
		1D6058910D05DD3D006BFB54 /* StationTrader.app */ = {isa = PBXFileReference; explicitFileType = wrapper.application; includeInIndex = 0; path = StationTrader.app; sourceTree = BUILT_PRODUCTS_DIR; };
		1DF5F4DF0D08C38300B7A737 /* UIKit.framework */ = {isa = PBXFileReference; lastKnownFileType = wrapper.framework; name = UIKit.framework; path = System/Library/Frameworks/UIKit.framework; sourceTree = SDKROOT; };
		288765070DF74369002DB57D /* CoreGraphics.framework */ = {isa = PBXFileReference; lastKnownFileType = wrapper.framework; name = CoreGraphics.framework; path = System/Library/Frameworks/CoreGraphics.framework; sourceTree = SDKROOT; };
		28A0AB4B0D9B1048005BE974 /* StationTrader_Prefix.pch */ = {isa = PBXFileReference; fileEncoding = 4; lastKnownFileType = sourcecode.c.h; path = StationTrader_Prefix.pch; sourceTree = "<group>"; };
		28AD73870D9D96C1002E5188 /* MainWindow.xib */ = {isa = PBXFileReference; lastKnownFileType = file.xib; path = MainWindow.xib; sourceTree = "<group>"; };
		29B97316FDCFA39411CA2CEA /* main.m */ = {isa = PBXFileReference; fileEncoding = 4; lastKnownFileType = sourcecode.c.objc; path = main.m; sourceTree = "<group>"; };
		8D1107310486CEB800E47090 /* Info.plist */ = {isa = PBXFileReference; fileEncoding = 4; lastKnownFileType = text.plist.xml; path = Info.plist; sourceTree = "<group>"; };
/* End PBXFileReference section */

/* Begin PBXFrameworksBuildPhase section */
		1D60588F0D05DD3D006BFB54 /* Frameworks */ = {
			isa = PBXFrameworksBuildPhase;
			buildActionMask = 2147483647;
			files = (
				1D60589F0D05DD5A006BFB54 /* Foundation.framework in Frameworks */,
				1DF5F4E00D08C38300B7A737 /* UIKit.framework in Frameworks */,
				288765080DF74369002DB57D /* CoreGraphics.framework in Frameworks */,
			);
			runOnlyForDeploymentPostprocessing = 0;
		};
/* End PBXFrameworksBuildPhase section */

/* Begin PBXGroup section */
		080E96DDFE201D6D7F000001 /* Classes */ = {
			isa = PBXGroup;
			children = (
				030968920F5B29C100BBD2FC /* SetupController.h */,
				030968930F5B29C100BBD2FC /* SetupController.m */,
				030968790F5B289700BBD2FC /* CalculatorController.h */,
				0309687A0F5B289700BBD2FC /* CalculatorController.m */,
				0309682C0F5B245000BBD2FC /* AboutController.h */,
				0309682D0F5B245000BBD2FC /* AboutController.m */,
				1D3623240D0F684500981E51 /* EveTraderAppDelegate.h */,
				1D3623250D0F684500981E51 /* EveTraderAppDelegate.m */,
				03C10FD20F63764900D03F77 /* ProfilesController.h */,
				03C10FD30F63764900D03F77 /* ProfilesController.m */,
				0362A3A70F638FBB004A1020 /* CustomTableViewCell.h */,
				0362A3A80F638FBB004A1020 /* CustomTableViewCell.m */,
			);
			path = Classes;
			sourceTree = "<group>";
		};
		19C28FACFE9D520D11CA2CBB /* Products */ = {
			isa = PBXGroup;
			children = (
				1D6058910D05DD3D006BFB54 /* StationTrader.app */,
			);
			name = Products;
			sourceTree = "<group>";
		};
		29B97314FDCFA39411CA2CEA /* EveTrader */ = {
			isa = PBXGroup;
			children = (
				080E96DDFE201D6D7F000001 /* Classes */,
				29B97315FDCFA39411CA2CEA /* Other Sources */,
				29B97317FDCFA39411CA2CEA /* Resources */,
				29B97323FDCFA39411CA2CEA /* Frameworks */,
				19C28FACFE9D520D11CA2CBB /* Products */,
			);
			name = EveTrader;
			sourceTree = "<group>";
		};
		29B97315FDCFA39411CA2CEA /* Other Sources */ = {
			isa = PBXGroup;
			children = (
				03D4FE1E1130038000D323A9 /* NSString+Additions.h */,
				03D4FE1F1130038000D323A9 /* NSString+Additions.m */,
				28A0AB4B0D9B1048005BE974 /* StationTrader_Prefix.pch */,
				29B97316FDCFA39411CA2CEA /* main.m */,
			);
			name = "Other Sources";
			sourceTree = "<group>";
		};
		29B97317FDCFA39411CA2CEA /* Resources */ = {
			isa = PBXGroup;
			children = (
				03D4FDE6113000E300D323A9 /* dotHighlighted.png */,
				03D4FDE7113000E300D323A9 /* dotNormal.png */,
				03F7D3370F6611E600CB63E4 /* profiles.png */,
				03F7D3430F6613AB00CB63E4 /* about.png */,
				03F7D32B0F6610E600CB63E4 /* calculator.png */,
				030147640F66018800A84866 /* icon.png */,
				03096A990F5B4A7B00BBD2FC /* backdrop5.png */,
				03096A5B0F5B490500BBD2FC /* backdrop4.png */,
				03096A5C0F5B490500BBD2FC /* backdrop2.png */,
				03096A5D0F5B490500BBD2FC /* backdrop3.png */,
				030969450F5B3BE900BBD2FC /* backdrop1.png */,
				03C10FF20F63776F00D03F77 /* ProfileView.xib */,
				030968880F5B28DC00BBD2FC /* CalculatorView.xib */,
				030968970F5B29F200BBD2FC /* SetupView.xib */,
				0309682A0F5B243800BBD2FC /* AboutView.xib */,
				28AD73870D9D96C1002E5188 /* MainWindow.xib */,
				03C111730F638B5200D03F77 /* TableViewCell.xib */,
				8D1107310486CEB800E47090 /* Info.plist */,
			);
			name = Resources;
			sourceTree = "<group>";
		};
		29B97323FDCFA39411CA2CEA /* Frameworks */ = {
			isa = PBXGroup;
			children = (
				1DF5F4DF0D08C38300B7A737 /* UIKit.framework */,
				1D30AB110D05D00D00671497 /* Foundation.framework */,
				288765070DF74369002DB57D /* CoreGraphics.framework */,
			);
			name = Frameworks;
			sourceTree = "<group>";
		};
/* End PBXGroup section */

/* Begin PBXNativeTarget section */
		1D6058900D05DD3D006BFB54 /* StationTrader */ = {
			isa = PBXNativeTarget;
			buildConfigurationList = 1D6058960D05DD3E006BFB54 /* Build configuration list for PBXNativeTarget "StationTrader" */;
			buildPhases = (
				1D60588D0D05DD3D006BFB54 /* Resources */,
				1D60588E0D05DD3D006BFB54 /* Sources */,
				1D60588F0D05DD3D006BFB54 /* Frameworks */,
			);
			buildRules = (
			);
			dependencies = (
			);
			name = StationTrader;
			productName = EveTrader;
			productReference = 1D6058910D05DD3D006BFB54 /* StationTrader.app */;
			productType = "com.apple.product-type.application";
		};
/* End PBXNativeTarget section */

/* Begin PBXProject section */
		29B97313FDCFA39411CA2CEA /* Project object */ = {
			isa = PBXProject;
			buildConfigurationList = C01FCF4E08A954540054247B /* Build configuration list for PBXProject "StationTrader" */;
			compatibilityVersion = "Xcode 3.1";
			hasScannedForEncodings = 1;
			mainGroup = 29B97314FDCFA39411CA2CEA /* EveTrader */;
			projectDirPath = "";
			projectRoot = "";
			targets = (
				1D6058900D05DD3D006BFB54 /* StationTrader */,
			);
		};
/* End PBXProject section */

/* Begin PBXResourcesBuildPhase section */
		1D60588D0D05DD3D006BFB54 /* Resources */ = {
			isa = PBXResourcesBuildPhase;
			buildActionMask = 2147483647;
			files = (
				28AD73880D9D96C1002E5188 /* MainWindow.xib in Resources */,
				0309682B0F5B243800BBD2FC /* AboutView.xib in Resources */,
				030968890F5B28DC00BBD2FC /* CalculatorView.xib in Resources */,
				030968980F5B29F200BBD2FC /* SetupView.xib in Resources */,
				030969460F5B3BE900BBD2FC /* backdrop1.png in Resources */,
				03096A5E0F5B490500BBD2FC /* backdrop4.png in Resources */,
				03096A5F0F5B490500BBD2FC /* backdrop2.png in Resources */,
				03096A600F5B490500BBD2FC /* backdrop3.png in Resources */,
				03096A9A0F5B4A7B00BBD2FC /* backdrop5.png in Resources */,
				03C10FF30F63776F00D03F77 /* ProfileView.xib in Resources */,
				03C111740F638B5200D03F77 /* TableViewCell.xib in Resources */,
				030147650F66018800A84866 /* icon.png in Resources */,
				03F7D32C0F6610E600CB63E4 /* calculator.png in Resources */,
				03F7D3380F6611E600CB63E4 /* profiles.png in Resources */,
				03F7D3440F6613AB00CB63E4 /* about.png in Resources */,
				03D4FDE8113000E300D323A9 /* dotHighlighted.png in Resources */,
				03D4FDE9113000E300D323A9 /* dotNormal.png in Resources */,
			);
			runOnlyForDeploymentPostprocessing = 0;
		};
/* End PBXResourcesBuildPhase section */

/* Begin PBXSourcesBuildPhase section */
		1D60588E0D05DD3D006BFB54 /* Sources */ = {
			isa = PBXSourcesBuildPhase;
			buildActionMask = 2147483647;
			files = (
				1D60589B0D05DD56006BFB54 /* main.m in Sources */,
				1D3623260D0F684500981E51 /* EveTraderAppDelegate.m in Sources */,
				0309682E0F5B245000BBD2FC /* AboutController.m in Sources */,
				0309687B0F5B289700BBD2FC /* CalculatorController.m in Sources */,
				030968940F5B29C100BBD2FC /* SetupController.m in Sources */,
				03C10FD40F63764900D03F77 /* ProfilesController.m in Sources */,
				0362A3A90F638FBB004A1020 /* CustomTableViewCell.m in Sources */,
				03D4FE201130038000D323A9 /* NSString+Additions.m in Sources */,
			);
			runOnlyForDeploymentPostprocessing = 0;
		};
/* End PBXSourcesBuildPhase section */

/* Begin XCBuildConfiguration section */
		036B346D11D3B05600B45793 /* ios4 distribution */ = {
			isa = XCBuildConfiguration;
			buildSettings = {
				ARCHS = "$(ARCHS_STANDARD_32_BIT)";
				"CODE_SIGN_IDENTITY[sdk=iphoneos*]" = "iPhone Distribution: Jaroslaw Szpilewski";
				GCC_C_LANGUAGE_STANDARD = c99;
				GCC_THUMB_SUPPORT = NO;
				GCC_WARN_ABOUT_RETURN_TYPE = YES;
				GCC_WARN_UNUSED_VARIABLE = YES;
				IPHONEOS_DEPLOYMENT_TARGET = 3.1.2;
				PREBINDING = NO;
				"PROVISIONING_PROFILE[sdk=iphoneos*]" = "6B617F02-1379-41DA-8DD9-0157A87C2C1C";
				SDKROOT = iphoneos4.0;
			};
			name = "ios4 distribution";
		};
		036B346E11D3B05600B45793 /* ios4 distribution */ = {
			isa = XCBuildConfiguration;
			buildSettings = {
				ALWAYS_SEARCH_USER_PATHS = NO;
				COPY_PHASE_STRIP = YES;
				GCC_PRECOMPILE_PREFIX_HEADER = YES;
				GCC_PREFIX_HEADER = StationTrader_Prefix.pch;
				INFOPLIST_FILE = Info.plist;
				PRODUCT_NAME = StationTrader;
			};
			name = "ios4 distribution";
		};
		03950C75110B414B00EF2B9F /* New Distri */ = {
			isa = XCBuildConfiguration;
			buildSettings = {
				ARCHS = "$(ARCHS_STANDARD_32_BIT)";
				"CODE_SIGN_IDENTITY[sdk=iphoneos*]" = "iPhone Distribution: Jaroslaw Szpilewski";
				GCC_C_LANGUAGE_STANDARD = c99;
				GCC_WARN_ABOUT_RETURN_TYPE = YES;
				GCC_WARN_UNUSED_VARIABLE = YES;
				PREBINDING = NO;
				"PROVISIONING_PROFILE[sdk=iphoneos*]" = "6B617F02-1379-41DA-8DD9-0157A87C2C1C";
				SDKROOT = iphoneos2.2.1;
			};
			name = "New Distri";
		};
		03950C76110B414B00EF2B9F /* New Distri */ = {
			isa = XCBuildConfiguration;
			buildSettings = {
				ALWAYS_SEARCH_USER_PATHS = NO;
				COPY_PHASE_STRIP = YES;
				GCC_PRECOMPILE_PREFIX_HEADER = YES;
				GCC_PREFIX_HEADER = StationTrader_Prefix.pch;
				INFOPLIST_FILE = Info.plist;
				PRODUCT_NAME = StationTrader;
			};
			name = "New Distri";
		};
		03F7D3AB0F661D3C00CB63E4 /* Distribution */ = {
			isa = XCBuildConfiguration;
			buildSettings = {
				ARCHS = "$(ARCHS_STANDARD_32_BIT)";
				"CODE_SIGN_IDENTITY[sdk=iphoneos*]" = "iPhone Distribution";
				GCC_C_LANGUAGE_STANDARD = c99;
				GCC_WARN_ABOUT_RETURN_TYPE = YES;
				GCC_WARN_UNUSED_VARIABLE = YES;
				PREBINDING = NO;
				"PROVISIONING_PROFILE[sdk=iphoneos*]" = "";
				SDKROOT = iphoneos2.2.1;
			};
			name = Distribution;
		};
		03F7D3AC0F661D3C00CB63E4 /* Distribution */ = {
			isa = XCBuildConfiguration;
			buildSettings = {
				ALWAYS_SEARCH_USER_PATHS = NO;
				"CODE_SIGN_IDENTITY[sdk=iphoneos*]" = "iPhone Distribution: Jaroslaw Szpilewski";
				COPY_PHASE_STRIP = YES;
				GCC_PRECOMPILE_PREFIX_HEADER = YES;
				GCC_PREFIX_HEADER = StationTrader_Prefix.pch;
				INFOPLIST_FILE = Info.plist;
				PRODUCT_NAME = StationTrader;
				"PROVISIONING_PROFILE[sdk=iphoneos*]" = "DCB00188-66CE-49C3-8575-F3632DB92DE6";
			};
			name = Distribution;
		};
		1D6058940D05DD3E006BFB54 /* Debug */ = {
			isa = XCBuildConfiguration;
			buildSettings = {
				ALWAYS_SEARCH_USER_PATHS = NO;
				COPY_PHASE_STRIP = NO;
				GCC_DYNAMIC_NO_PIC = NO;
				GCC_OPTIMIZATION_LEVEL = 0;
				GCC_PRECOMPILE_PREFIX_HEADER = YES;
				GCC_PREFIX_HEADER = StationTrader_Prefix.pch;
				INFOPLIST_FILE = Info.plist;
				PRODUCT_NAME = StationTrader;
			};
			name = Debug;
		};
		1D6058950D05DD3E006BFB54 /* Release */ = {
			isa = XCBuildConfiguration;
			buildSettings = {
				ALWAYS_SEARCH_USER_PATHS = NO;
				COPY_PHASE_STRIP = YES;
				GCC_PRECOMPILE_PREFIX_HEADER = YES;
				GCC_PREFIX_HEADER = StationTrader_Prefix.pch;
				INFOPLIST_FILE = Info.plist;
				PRODUCT_NAME = StationTrader;
			};
			name = Release;
		};
		C01FCF4F08A954540054247B /* Debug */ = {
			isa = XCBuildConfiguration;
			buildSettings = {
				ARCHS = "$(ARCHS_STANDARD_32_BIT)";
				"CODE_SIGN_IDENTITY[sdk=iphoneos*]" = "iPhone Developer";
				GCC_C_LANGUAGE_STANDARD = c99;
				GCC_WARN_ABOUT_RETURN_TYPE = YES;
				GCC_WARN_UNUSED_VARIABLE = YES;
				ONLY_ACTIVE_ARCH = YES;
				PREBINDING = NO;
				SDKROOT = iphoneos4.0;
			};
			name = Debug;
		};
		C01FCF5008A954540054247B /* Release */ = {
			isa = XCBuildConfiguration;
			buildSettings = {
				ARCHS = "$(ARCHS_STANDARD_32_BIT)";
				"CODE_SIGN_IDENTITY[sdk=iphoneos*]" = "iPhone Developer: Jaroslaw Szpilewski (VA9G2X54KZ)";
				GCC_C_LANGUAGE_STANDARD = c99;
				GCC_THUMB_SUPPORT = NO;
				GCC_WARN_ABOUT_RETURN_TYPE = YES;
				GCC_WARN_UNUSED_VARIABLE = YES;
				PREBINDING = NO;
				"PROVISIONING_PROFILE[sdk=iphoneos*]" = "BEC73EE3-9982-4311-A456-5E5B6F7639F5";
				SDKROOT = iphoneos4.0;
			};
			name = Release;
		};
/* End XCBuildConfiguration section */

/* Begin XCConfigurationList section */
		1D6058960D05DD3E006BFB54 /* Build configuration list for PBXNativeTarget "StationTrader" */ = {
			isa = XCConfigurationList;
			buildConfigurations = (
				1D6058940D05DD3E006BFB54 /* Debug */,
				1D6058950D05DD3E006BFB54 /* Release */,
				036B346E11D3B05600B45793 /* ios4 distribution */,
				03950C76110B414B00EF2B9F /* New Distri */,
				03F7D3AC0F661D3C00CB63E4 /* Distribution */,
			);
			defaultConfigurationIsVisible = 0;
			defaultConfigurationName = Release;
		};
		C01FCF4E08A954540054247B /* Build configuration list for PBXProject "StationTrader" */ = {
			isa = XCConfigurationList;
			buildConfigurations = (
				C01FCF4F08A954540054247B /* Debug */,
				C01FCF5008A954540054247B /* Release */,
				036B346D11D3B05600B45793 /* ios4 distribution */,
				03950C75110B414B00EF2B9F /* New Distri */,
				03F7D3AB0F661D3C00CB63E4 /* Distribution */,
			);
			defaultConfigurationIsVisible = 0;
			defaultConfigurationName = Release;
		};
/* End XCConfigurationList section */
	};
	rootObject = 29B97313FDCFA39411CA2CEA /* Project object */;
}
